
Microsoft Visual Studio Solution File, Format Version 12.00
# Visual Studio Version 16
VisualStudioVersion = 16.0.30114.105
MinimumVisualStudioVersion = 10.0.40219.1
Project("{2150E333-8FDC-42A3-9474-1A3956D46DE8}") = "src", "src", "{1FFAC368-7FD0-4C75-B4DB-5CFEE478DEA0}"
EndProject
Project("{F2A71F9B-5D33-465A-A702-920D77279786}") = "Realtime", "src\Realtime\Realtime.fsproj", "{99E8AB1D-9140-40BF-8EBA-887992F24DDF}"
EndProject
Project("{F2A71F9B-5D33-465A-A702-920D77279786}") = "RealtimeExample", "src\RealtimeExample\RealtimeExample.fsproj", "{DA34D69C-9DC5-4E29-82B3-4844337F9F68}"
EndProject
Global
	GlobalSection(SolutionConfigurationPlatforms) = preSolution
		Debug|Any CPU = Debug|Any CPU
		Release|Any CPU = Release|Any CPU
	EndGlobalSection
	GlobalSection(SolutionProperties) = preSolution
		HideSolutionNode = FALSE
	EndGlobalSection
	GlobalSection(ProjectConfigurationPlatforms) = postSolution
		{99E8AB1D-9140-40BF-8EBA-887992F24DDF}.Debug|Any CPU.ActiveCfg = Debug|Any CPU
		{99E8AB1D-9140-40BF-8EBA-887992F24DDF}.Debug|Any CPU.Build.0 = Debug|Any CPU
		{99E8AB1D-9140-40BF-8EBA-887992F24DDF}.Release|Any CPU.ActiveCfg = Release|Any CPU
		{99E8AB1D-9140-40BF-8EBA-887992F24DDF}.Release|Any CPU.Build.0 = Release|Any CPU
		{DA34D69C-9DC5-4E29-82B3-4844337F9F68}.Debug|Any CPU.ActiveCfg = Debug|Any CPU
		{DA34D69C-9DC5-4E29-82B3-4844337F9F68}.Debug|Any CPU.Build.0 = Debug|Any CPU
		{DA34D69C-9DC5-4E29-82B3-4844337F9F68}.Release|Any CPU.ActiveCfg = Release|Any CPU
		{DA34D69C-9DC5-4E29-82B3-4844337F9F68}.Release|Any CPU.Build.0 = Release|Any CPU
	EndGlobalSection
	GlobalSection(NestedProjects) = preSolution
		{99E8AB1D-9140-40BF-8EBA-887992F24DDF} = {1FFAC368-7FD0-4C75-B4DB-5CFEE478DEA0}
		{DA34D69C-9DC5-4E29-82B3-4844337F9F68} = {1FFAC368-7FD0-4C75-B4DB-5CFEE478DEA0}
	EndGlobalSection
EndGlobal
